// !$*UTF8*$!
{
	archiveVersion = 1;
	classes = {
	};
	objectVersion = 50;
	objects = {

/* Begin PBXBuildFile section */
		120110BE25F638B7009ACCFC /* AppDelegate.swift in Sources */ = {isa = PBXBuildFile; fileRef = 120110BD25F638B7009ACCFC /* AppDelegate.swift */; };
		120110C025F638B7009ACCFC /* SceneDelegate.swift in Sources */ = {isa = PBXBuildFile; fileRef = 120110BF25F638B7009ACCFC /* SceneDelegate.swift */; };
		120110C225F638B7009ACCFC /* ViewController.swift in Sources */ = {isa = PBXBuildFile; fileRef = 120110C125F638B7009ACCFC /* ViewController.swift */; };
		120110C525F638B7009ACCFC /* Main.storyboard in Resources */ = {isa = PBXBuildFile; fileRef = 120110C325F638B7009ACCFC /* Main.storyboard */; };
		120110C725F638B8009ACCFC /* Assets.xcassets in Resources */ = {isa = PBXBuildFile; fileRef = 120110C625F638B8009ACCFC /* Assets.xcassets */; };
		120110CA25F638B8009ACCFC /* LaunchScreen.storyboard in Resources */ = {isa = PBXBuildFile; fileRef = 120110C825F638B8009ACCFC /* LaunchScreen.storyboard */; };
		126F9BF625FA363200ACD6AE /* search.storyboard in Resources */ = {isa = PBXBuildFile; fileRef = 126F9BF425FA363200ACD6AE /* search.storyboard */; };
/* End PBXBuildFile section */

/* Begin PBXFileReference section */
		120110BA25F638B7009ACCFC /* Fake booking.com.app */ = {isa = PBXFileReference; explicitFileType = wrapper.application; includeInIndex = 0; path = "Fake booking.com.app"; sourceTree = BUILT_PRODUCTS_DIR; };
		120110BD25F638B7009ACCFC /* AppDelegate.swift */ = {isa = PBXFileReference; lastKnownFileType = sourcecode.swift; path = AppDelegate.swift; sourceTree = "<group>"; };
		120110BF25F638B7009ACCFC /* SceneDelegate.swift */ = {isa = PBXFileReference; lastKnownFileType = sourcecode.swift; path = SceneDelegate.swift; sourceTree = "<group>"; };
		120110C125F638B7009ACCFC /* ViewController.swift */ = {isa = PBXFileReference; lastKnownFileType = sourcecode.swift; path = ViewController.swift; sourceTree = "<group>"; };
		120110C425F638B7009ACCFC /* Base */ = {isa = PBXFileReference; lastKnownFileType = file.storyboard; name = Base; path = Base.lproj/Main.storyboard; sourceTree = "<group>"; };
		120110C625F638B8009ACCFC /* Assets.xcassets */ = {isa = PBXFileReference; lastKnownFileType = folder.assetcatalog; path = Assets.xcassets; sourceTree = "<group>"; };
		120110C925F638B8009ACCFC /* Base */ = {isa = PBXFileReference; lastKnownFileType = file.storyboard; name = Base; path = Base.lproj/LaunchScreen.storyboard; sourceTree = "<group>"; };
		120110CB25F638B8009ACCFC /* Info.plist */ = {isa = PBXFileReference; lastKnownFileType = text.plist.xml; path = Info.plist; sourceTree = "<group>"; };
		126F9BF525FA363200ACD6AE /* Base */ = {isa = PBXFileReference; lastKnownFileType = file.storyboard; name = Base; path = App0308/Base.lproj/search.storyboard; sourceTree = "<group>"; };
/* End PBXFileReference section */

/* Begin PBXFrameworksBuildPhase section */
		120110B725F638B7009ACCFC /* Frameworks */ = {
			isa = PBXFrameworksBuildPhase;
			buildActionMask = 2147483647;
			files = (
			);
			runOnlyForDeploymentPostprocessing = 0;
		};
/* End PBXFrameworksBuildPhase section */

/* Begin PBXGroup section */
		120110B125F638B7009ACCFC = {
			isa = PBXGroup;
			children = (
				126F9BF425FA363200ACD6AE /* search.storyboard */,
				120110BC25F638B7009ACCFC /* App0308 */,
				120110BB25F638B7009ACCFC /* Products */,
			);
			sourceTree = "<group>";
		};
		120110BB25F638B7009ACCFC /* Products */ = {
			isa = PBXGroup;
			children = (
				120110BA25F638B7009ACCFC /* Fake booking.com.app */,
			);
			name = Products;
			sourceTree = "<group>";
		};
		120110BC25F638B7009ACCFC /* App0308 */ = {
			isa = PBXGroup;
			children = (
				120110BD25F638B7009ACCFC /* AppDelegate.swift */,
				120110BF25F638B7009ACCFC /* SceneDelegate.swift */,
				120110C125F638B7009ACCFC /* ViewController.swift */,
				120110C325F638B7009ACCFC /* Main.storyboard */,
				120110C625F638B8009ACCFC /* Assets.xcassets */,
				120110C825F638B8009ACCFC /* LaunchScreen.storyboard */,
				120110CB25F638B8009ACCFC /* Info.plist */,
			);
			path = App0308;
			sourceTree = "<group>";
		};
/* End PBXGroup section */

/* Begin PBXNativeTarget section */
		120110B925F638B7009ACCFC /* App0308 */ = {
			isa = PBXNativeTarget;
			buildConfigurationList = 120110CE25F638B8009ACCFC /* Build configuration list for PBXNativeTarget "App0308" */;
			buildPhases = (
				120110B625F638B7009ACCFC /* Sources */,
				120110B725F638B7009ACCFC /* Frameworks */,
				120110B825F638B7009ACCFC /* Resources */,
			);
			buildRules = (
			);
			dependencies = (
			);
			name = App0308;
			productName = App0308;
			productReference = 120110BA25F638B7009ACCFC /* Fake booking.com.app */;
			productType = "com.apple.product-type.application";
		};
/* End PBXNativeTarget section */

/* Begin PBXProject section */
		120110B225F638B7009ACCFC /* Project object */ = {
			isa = PBXProject;
			attributes = {
				LastSwiftUpdateCheck = 1150;
				LastUpgradeCheck = 1150;
				ORGANIZATIONNAME = ken;
				TargetAttributes = {
					120110B925F638B7009ACCFC = {
						CreatedOnToolsVersion = 11.5;
					};
				};
			};
			buildConfigurationList = 120110B525F638B7009ACCFC /* Build configuration list for PBXProject "App0308" */;
			compatibilityVersion = "Xcode 9.3";
			developmentRegion = en;
			hasScannedForEncodings = 0;
			knownRegions = (
				en,
				Base,
			);
			mainGroup = 120110B125F638B7009ACCFC;
			productRefGroup = 120110BB25F638B7009ACCFC /* Products */;
			projectDirPath = "";
			projectRoot = "";
			targets = (
				120110B925F638B7009ACCFC /* App0308 */,
			);
		};
/* End PBXProject section */

/* Begin PBXResourcesBuildPhase section */
		120110B825F638B7009ACCFC /* Resources */ = {
			isa = PBXResourcesBuildPhase;
			buildActionMask = 2147483647;
			files = (
				120110CA25F638B8009ACCFC /* LaunchScreen.storyboard in Resources */,
				120110C725F638B8009ACCFC /* Assets.xcassets in Resources */,
				126F9BF625FA363200ACD6AE /* search.storyboard in Resources */,
				120110C525F638B7009ACCFC /* Main.storyboard in Resources */,
			);
			runOnlyForDeploymentPostprocessing = 0;
		};
/* End PBXResourcesBuildPhase section */

/* Begin PBXSourcesBuildPhase section */
		120110B625F638B7009ACCFC /* Sources */ = {
			isa = PBXSourcesBuildPhase;
			buildActionMask = 2147483647;
			files = (
				120110C225F638B7009ACCFC /* ViewController.swift in Sources */,
				120110BE25F638B7009ACCFC /* AppDelegate.swift in Sources */,
				120110C025F638B7009ACCFC /* SceneDelegate.swift in Sources */,
			);
			runOnlyForDeploymentPostprocessing = 0;
		};
/* End PBXSourcesBuildPhase section */

/* Begin PBXVariantGroup section */
		120110C325F638B7009ACCFC /* Main.storyboard */ = {
			isa = PBXVariantGroup;
			children = (
				120110C425F638B7009ACCFC /* Base */,
			);
			name = Main.storyboard;
			sourceTree = "<group>";
		};
		120110C825F638B8009ACCFC /* LaunchScreen.storyboard */ = {
			isa = PBXVariantGroup;
			children = (
				120110C925F638B8009ACCFC /* Base */,
			);
			name = LaunchScreen.storyboard;
			sourceTree = "<group>";
		};
		126F9BF425FA363200ACD6AE /* search.storyboard */ = {
			isa = PBXVariantGroup;
			children = (
				126F9BF525FA363200ACD6AE /* Base */,
			);
			name = search.storyboard;
			sourceTree = "<group>";
		};
/* End PBXVariantGroup section */

/* Begin XCBuildConfiguration section */
		120110CC25F638B8009ACCFC /* Debug */ = {
			isa = XCBuildConfiguration;
			buildSettings = {
				ALWAYS_SEARCH_USER_PATHS = NO;
				CLANG_ANALYZER_NONNULL = YES;
				CLANG_ANALYZER_NUMBER_OBJECT_CONVERSION = YES_AGGRESSIVE;
				CLANG_CXX_LANGUAGE_STANDARD = "gnu++14";
				CLANG_CXX_LIBRARY = "libc++";
				CLANG_ENABLE_MODULES = YES;
				CLANG_ENABLE_OBJC_ARC = YES;
				CLANG_ENABLE_OBJC_WEAK = YES;
				CLANG_WARN_BLOCK_CAPTURE_AUTORELEASING = YES;
				CLANG_WARN_BOOL_CONVERSION = YES;
				CLANG_WARN_COMMA = YES;
				CLANG_WARN_CONSTANT_CONVERSION = YES;
				CLANG_WARN_DEPRECATED_OBJC_IMPLEMENTATIONS = YES;
				CLANG_WARN_DIRECT_OBJC_ISA_USAGE = YES_ERROR;
				CLANG_WARN_DOCUMENTATION_COMMENTS = YES;
				CLANG_WARN_EMPTY_BODY = YES;
				CLANG_WARN_ENUM_CONVERSION = YES;
				CLANG_WARN_INFINITE_RECURSION = YES;
				CLANG_WARN_INT_CONVERSION = YES;
				CLANG_WARN_NON_LITERAL_NULL_CONVERSION = YES;
				CLANG_WARN_OBJC_IMPLICIT_RETAIN_SELF = YES;
				CLANG_WARN_OBJC_LITERAL_CONVERSION = YES;
				CLANG_WARN_OBJC_ROOT_CLASS = YES_ERROR;
				CLANG_WARN_RANGE_LOOP_ANALYSIS = YES;
				CLANG_WARN_STRICT_PROTOTYPES = YES;
				CLANG_WARN_SUSPICIOUS_MOVE = YES;
				CLANG_WARN_UNGUARDED_AVAILABILITY = YES_AGGRESSIVE;
				CLANG_WARN_UNREACHABLE_CODE = YES;
				CLANG_WARN__DUPLICATE_METHOD_MATCH = YES;
				COPY_PHASE_STRIP = NO;
				DEBUG_INFORMATION_FORMAT = dwarf;
				ENABLE_STRICT_OBJC_MSGSEND = YES;
				ENABLE_TESTABILITY = YES;
				GCC_C_LANGUAGE_STANDARD = gnu11;
				GCC_DYNAMIC_NO_PIC = NO;
				GCC_NO_COMMON_BLOCKS = YES;
				GCC_OPTIMIZATION_LEVEL = 0;
				GCC_PREPROCESSOR_DEFINITIONS = (
					"DEBUG=1",
					"$(inherited)",
				);
				GCC_WARN_64_TO_32_BIT_CONVERSION = YES;
				GCC_WARN_ABOUT_RETURN_TYPE = YES_ERROR;
				GCC_WARN_UNDECLARED_SELECTOR = YES;
				GCC_WARN_UNINITIALIZED_AUTOS = YES_AGGRESSIVE;
				GCC_WARN_UNUSED_FUNCTION = YES;
				GCC_WARN_UNUSED_VARIABLE = YES;
				IPHONEOS_DEPLOYMENT_TARGET = 13.5;
				MTL_ENABLE_DEBUG_INFO = INCLUDE_SOURCE;
				MTL_FAST_MATH = YES;
				ONLY_ACTIVE_ARCH = YES;
				SDKROOT = iphoneos;
				SWIFT_ACTIVE_COMPILATION_CONDITIONS = DEBUG;
				SWIFT_OPTIMIZATION_LEVEL = "-Onone";
			};
			name = Debug;
		};
		120110CD25F638B8009ACCFC /* Release */ = {
			isa = XCBuildConfiguration;
			buildSettings = {
				ALWAYS_SEARCH_USER_PATHS = NO;
				CLANG_ANALYZER_NONNULL = YES;
				CLANG_ANALYZER_NUMBER_OBJECT_CONVERSION = YES_AGGRESSIVE;
				CLANG_CXX_LANGUAGE_STANDARD = "gnu++14";
				CLANG_CXX_LIBRARY = "libc++";
				CLANG_ENABLE_MODULES = YES;
				CLANG_ENABLE_OBJC_ARC = YES;
				CLANG_ENABLE_OBJC_WEAK = YES;
				CLANG_WARN_BLOCK_CAPTURE_AUTORELEASING = YES;
				CLANG_WARN_BOOL_CONVERSION = YES;
				CLANG_WARN_COMMA = YES;
				CLANG_WARN_CONSTANT_CONVERSION = YES;
				CLANG_WARN_DEPRECATED_OBJC_IMPLEMENTATIONS = YES;
				CLANG_WARN_DIRECT_OBJC_ISA_USAGE = YES_ERROR;
				CLANG_WARN_DOCUMENTATION_COMMENTS = YES;
				CLANG_WARN_EMPTY_BODY = YES;
				CLANG_WARN_ENUM_CONVERSION = YES;
				CLANG_WARN_INFINITE_RECURSION = YES;
				CLANG_WARN_INT_CONVERSION = YES;
				CLANG_WARN_NON_LITERAL_NULL_CONVERSION = YES;
				CLANG_WARN_OBJC_IMPLICIT_RETAIN_SELF = YES;
				CLANG_WARN_OBJC_LITERAL_CONVERSION = YES;
				CLANG_WARN_OBJC_ROOT_CLASS = YES_ERROR;
				CLANG_WARN_RANGE_LOOP_ANALYSIS = YES;
				CLANG_WARN_STRICT_PROTOTYPES = YES;
				CLANG_WARN_SUSPICIOUS_MOVE = YES;
				CLANG_WARN_UNGUARDED_AVAILABILITY = YES_AGGRESSIVE;
				CLANG_WARN_UNREACHABLE_CODE = YES;
				CLANG_WARN__DUPLICATE_METHOD_MATCH = YES;
				COPY_PHASE_STRIP = NO;
				DEBUG_INFORMATION_FORMAT = "dwarf-with-dsym";
				ENABLE_NS_ASSERTIONS = NO;
				ENABLE_STRICT_OBJC_MSGSEND = YES;
				GCC_C_LANGUAGE_STANDARD = gnu11;
				GCC_NO_COMMON_BLOCKS = YES;
				GCC_WARN_64_TO_32_BIT_CONVERSION = YES;
				GCC_WARN_ABOUT_RETURN_TYPE = YES_ERROR;
				GCC_WARN_UNDECLARED_SELECTOR = YES;
				GCC_WARN_UNINITIALIZED_AUTOS = YES_AGGRESSIVE;
				GCC_WARN_UNUSED_FUNCTION = YES;
				GCC_WARN_UNUSED_VARIABLE = YES;
				IPHONEOS_DEPLOYMENT_TARGET = 13.5;
				MTL_ENABLE_DEBUG_INFO = NO;
				MTL_FAST_MATH = YES;
				SDKROOT = iphoneos;
				SWIFT_COMPILATION_MODE = wholemodule;
				SWIFT_OPTIMIZATION_LEVEL = "-O";
				VALIDATE_PRODUCT = YES;
			};
			name = Release;
		};
		120110CF25F638B8009ACCFC /* Debug */ = {
			isa = XCBuildConfiguration;
			buildSettings = {
				ASSETCATALOG_COMPILER_APPICON_NAME = AppIcon;
				CODE_SIGN_STYLE = Automatic;
				INFOPLIST_FILE = App0308/Info.plist;
				LD_RUNPATH_SEARCH_PATHS = (
					"$(inherited)",
					"@executable_path/Frameworks",
				);
				PRODUCT_BUNDLE_IDENTIFIER = ken.App0308;
				PRODUCT_NAME = "Fake booking.com";
				SWIFT_VERSION = 5.0;
				TARGETED_DEVICE_FAMILY = "1,2";
			};
			name = Debug;
		};
		120110D025F638B8009ACCFC /* Release */ = {
			isa = XCBuildConfiguration;
			buildSettings = {
				ASSETCATALOG_COMPILER_APPICON_NAME = AppIcon;
				CODE_SIGN_STYLE = Automatic;
				INFOPLIST_FILE = App0308/Info.plist;
				LD_RUNPATH_SEARCH_PATHS = (
					"$(inherited)",
					"@executable_path/Frameworks",
				);
				PRODUCT_BUNDLE_IDENTIFIER = ken.App0308;
				PRODUCT_NAME = "Fake booking.com";
				SWIFT_VERSION = 5.0;
				TARGETED_DEVICE_FAMILY = "1,2";
			};
			name = Release;
		};
/* End XCBuildConfiguration section */

/* Begin XCConfigurationList section */
		120110B525F638B7009ACCFC /* Build configuration list for PBXProject "App0308" */ = {
			isa = XCConfigurationList;
			buildConfigurations = (
				120110CC25F638B8009ACCFC /* Debug */,
				120110CD25F638B8009ACCFC /* Release */,
			);
			defaultConfigurationIsVisible = 0;
			defaultConfigurationName = Release;
		};
		120110CE25F638B8009ACCFC /* Build configuration list for PBXNativeTarget "App0308" */ = {
			isa = XCConfigurationList;
			buildConfigurations = (
				120110CF25F638B8009ACCFC /* Debug */,
				120110D025F638B8009ACCFC /* Release */,
			);
			defaultConfigurationIsVisible = 0;
			defaultConfigurationName = Release;
		};
/* End XCConfigurationList section */
	};
	rootObject = 120110B225F638B7009ACCFC /* Project object */;
}
